
Microsoft Visual Studio Solution File, Format Version 12.00
# Visual Studio Version 16
VisualStudioVersion = 16.0.30517.126
MinimumVisualStudioVersion = 10.0.40219.1
Project("{2150E333-8FDC-42A3-9474-1A3956D46DE8}") = "tests", "tests", "{99CA6AAF-0F44-43CA-AD94-E02AAA6BBCF4}"
EndProject
Project("{2150E333-8FDC-42A3-9474-1A3956D46DE8}") = "src", "src", "{481A46CA-F6C0-4580-9DDA-684C421D465E}"
EndProject
Project("{9A19103F-16F7-4668-BE54-9A1E7A4F7556}") = "Microsoft.Marketplace", "src\Microsoft.Marketplace.csproj", "{1F2FCF1F-04CC-496A-B400-7CF10382EB74}"
EndProject
Project("{9A19103F-16F7-4668-BE54-9A1E7A4F7556}") = "Microsoft.Marketplace.Tests", "tests\Microsoft.Marketplace.Tests.csproj", "{EABC6306-053C-4B32-B90F-6F8B77ED5F8D}"
EndProject
Project("{2150E333-8FDC-42A3-9474-1A3956D46DE8}") = "Solution Items", "Solution Items", "{B9F7429D-47B3-4CFF-A14F-D6272F08E7AA}"
	ProjectSection(SolutionItems) = preProject
		global.json = global.json
	EndProjectSection
EndProject
Global
	GlobalSection(SolutionConfigurationPlatforms) = preSolution
		Debug|Any CPU = Debug|Any CPU
		Release|Any CPU = Release|Any CPU
	EndGlobalSection
	GlobalSection(ProjectConfigurationPlatforms) = postSolution
		{1F2FCF1F-04CC-496A-B400-7CF10382EB74}.Debug|Any CPU.ActiveCfg = Debug|Any CPU
		{1F2FCF1F-04CC-496A-B400-7CF10382EB74}.Debug|Any CPU.Build.0 = Debug|Any CPU
		{1F2FCF1F-04CC-496A-B400-7CF10382EB74}.Release|Any CPU.ActiveCfg = Release|Any CPU
		{1F2FCF1F-04CC-496A-B400-7CF10382EB74}.Release|Any CPU.Build.0 = Release|Any CPU
		{EABC6306-053C-4B32-B90F-6F8B77ED5F8D}.Debug|Any CPU.ActiveCfg = Debug|Any CPU
		{EABC6306-053C-4B32-B90F-6F8B77ED5F8D}.Debug|Any CPU.Build.0 = Debug|Any CPU
		{EABC6306-053C-4B32-B90F-6F8B77ED5F8D}.Release|Any CPU.ActiveCfg = Release|Any CPU
		{EABC6306-053C-4B32-B90F-6F8B77ED5F8D}.Release|Any CPU.Build.0 = Release|Any CPU
	EndGlobalSection
	GlobalSection(SolutionProperties) = preSolution
		HideSolutionNode = FALSE
	EndGlobalSection
	GlobalSection(NestedProjects) = preSolution
		{1F2FCF1F-04CC-496A-B400-7CF10382EB74} = {481A46CA-F6C0-4580-9DDA-684C421D465E}
		{EABC6306-053C-4B32-B90F-6F8B77ED5F8D} = {99CA6AAF-0F44-43CA-AD94-E02AAA6BBCF4}
	EndGlobalSection
	GlobalSection(ExtensibilityGlobals) = postSolution
		SolutionGuid = {A40602C4-D62A-4759-AB32-1DD847B6A35B}
	EndGlobalSection
EndGlobal
